// !$*UTF8*$!
{
	archiveVersion = 1;
	classes = {
	};
	objectVersion = 56;
	objects = {

/* Begin PBXBuildFile section */
		DD9196192969E6AD0027BDB9 /* AppDelegate.swift in Sources */ = {isa = PBXBuildFile; fileRef = DD9196182969E6AD0027BDB9 /* AppDelegate.swift */; };
		DD91961B2969E6AD0027BDB9 /* SceneDelegate.swift in Sources */ = {isa = PBXBuildFile; fileRef = DD91961A2969E6AD0027BDB9 /* SceneDelegate.swift */; };
		DD91961D2969E6AD0027BDB9 /* ViewController.swift in Sources */ = {isa = PBXBuildFile; fileRef = DD91961C2969E6AD0027BDB9 /* ViewController.swift */; };
		DD9196202969E6AD0027BDB9 /* Main.storyboard in Resources */ = {isa = PBXBuildFile; fileRef = DD91961E2969E6AD0027BDB9 /* Main.storyboard */; };
		DD9196222969E6B10027BDB9 /* Assets.xcassets in Resources */ = {isa = PBXBuildFile; fileRef = DD9196212969E6B10027BDB9 /* Assets.xcassets */; };
		DD9196252969E6B10027BDB9 /* LaunchScreen.storyboard in Resources */ = {isa = PBXBuildFile; fileRef = DD9196232969E6B10027BDB9 /* LaunchScreen.storyboard */; };
		DD9196302969E6B20027BDB9 /* WorkoutAppTests.swift in Sources */ = {isa = PBXBuildFile; fileRef = DD91962F2969E6B20027BDB9 /* WorkoutAppTests.swift */; };
		DD91963A2969E6B20027BDB9 /* WorkoutAppUITests.swift in Sources */ = {isa = PBXBuildFile; fileRef = DD9196392969E6B20027BDB9 /* WorkoutAppUITests.swift */; };
		DD91963C2969E6B20027BDB9 /* WorkoutAppUITestsLaunchTests.swift in Sources */ = {isa = PBXBuildFile; fileRef = DD91963B2969E6B20027BDB9 /* WorkoutAppUITestsLaunchTests.swift */; };
/* End PBXBuildFile section */

/* Begin PBXContainerItemProxy section */
		DD91962C2969E6B20027BDB9 /* PBXContainerItemProxy */ = {
			isa = PBXContainerItemProxy;
			containerPortal = DD91960D2969E6AD0027BDB9 /* Project object */;
			proxyType = 1;
			remoteGlobalIDString = DD9196142969E6AD0027BDB9;
			remoteInfo = WorkoutApp;
		};
		DD9196362969E6B20027BDB9 /* PBXContainerItemProxy */ = {
			isa = PBXContainerItemProxy;
			containerPortal = DD91960D2969E6AD0027BDB9 /* Project object */;
			proxyType = 1;
			remoteGlobalIDString = DD9196142969E6AD0027BDB9;
			remoteInfo = WorkoutApp;
		};
/* End PBXContainerItemProxy section */

/* Begin PBXFileReference section */
		DD9196152969E6AD0027BDB9 /* WorkoutApp.app */ = {isa = PBXFileReference; explicitFileType = wrapper.application; includeInIndex = 0; path = WorkoutApp.app; sourceTree = BUILT_PRODUCTS_DIR; };
		DD9196182969E6AD0027BDB9 /* AppDelegate.swift */ = {isa = PBXFileReference; lastKnownFileType = sourcecode.swift; path = AppDelegate.swift; sourceTree = "<group>"; };
		DD91961A2969E6AD0027BDB9 /* SceneDelegate.swift */ = {isa = PBXFileReference; lastKnownFileType = sourcecode.swift; path = SceneDelegate.swift; sourceTree = "<group>"; };
		DD91961C2969E6AD0027BDB9 /* ViewController.swift */ = {isa = PBXFileReference; lastKnownFileType = sourcecode.swift; path = ViewController.swift; sourceTree = "<group>"; };
		DD91961F2969E6AD0027BDB9 /* Base */ = {isa = PBXFileReference; lastKnownFileType = file.storyboard; name = Base; path = Base.lproj/Main.storyboard; sourceTree = "<group>"; };
		DD9196212969E6B10027BDB9 /* Assets.xcassets */ = {isa = PBXFileReference; lastKnownFileType = folder.assetcatalog; path = Assets.xcassets; sourceTree = "<group>"; };
		DD9196242969E6B10027BDB9 /* Base */ = {isa = PBXFileReference; lastKnownFileType = file.storyboard; name = Base; path = Base.lproj/LaunchScreen.storyboard; sourceTree = "<group>"; };
		DD9196262969E6B10027BDB9 /* Info.plist */ = {isa = PBXFileReference; lastKnownFileType = text.plist.xml; path = Info.plist; sourceTree = "<group>"; };
		DD91962B2969E6B20027BDB9 /* WorkoutAppTests.xctest */ = {isa = PBXFileReference; explicitFileType = wrapper.cfbundle; includeInIndex = 0; path = WorkoutAppTests.xctest; sourceTree = BUILT_PRODUCTS_DIR; };
		DD91962F2969E6B20027BDB9 /* WorkoutAppTests.swift */ = {isa = PBXFileReference; lastKnownFileType = sourcecode.swift; path = WorkoutAppTests.swift; sourceTree = "<group>"; };
		DD9196352969E6B20027BDB9 /* WorkoutAppUITests.xctest */ = {isa = PBXFileReference; explicitFileType = wrapper.cfbundle; includeInIndex = 0; path = WorkoutAppUITests.xctest; sourceTree = BUILT_PRODUCTS_DIR; };
		DD9196392969E6B20027BDB9 /* WorkoutAppUITests.swift */ = {isa = PBXFileReference; lastKnownFileType = sourcecode.swift; path = WorkoutAppUITests.swift; sourceTree = "<group>"; };
		DD91963B2969E6B20027BDB9 /* WorkoutAppUITestsLaunchTests.swift */ = {isa = PBXFileReference; lastKnownFileType = sourcecode.swift; path = WorkoutAppUITestsLaunchTests.swift; sourceTree = "<group>"; };
/* End PBXFileReference section */

/* Begin PBXFrameworksBuildPhase section */
		DD9196122969E6AD0027BDB9 /* Frameworks */ = {
			isa = PBXFrameworksBuildPhase;
			buildActionMask = 2147483647;
			files = (
			);
			runOnlyForDeploymentPostprocessing = 0;
		};
		DD9196282969E6B20027BDB9 /* Frameworks */ = {
			isa = PBXFrameworksBuildPhase;
			buildActionMask = 2147483647;
			files = (
			);
			runOnlyForDeploymentPostprocessing = 0;
		};
		DD9196322969E6B20027BDB9 /* Frameworks */ = {
			isa = PBXFrameworksBuildPhase;
			buildActionMask = 2147483647;
			files = (
			);
			runOnlyForDeploymentPostprocessing = 0;
		};
/* End PBXFrameworksBuildPhase section */

/* Begin PBXGroup section */
		DD91960C2969E6AD0027BDB9 = {
			isa = PBXGroup;
			children = (
				DD9196172969E6AD0027BDB9 /* WorkoutApp */,
				DD91962E2969E6B20027BDB9 /* WorkoutAppTests */,
				DD9196382969E6B20027BDB9 /* WorkoutAppUITests */,
				DD9196162969E6AD0027BDB9 /* Products */,
			);
			sourceTree = "<group>";
		};
		DD9196162969E6AD0027BDB9 /* Products */ = {
			isa = PBXGroup;
			children = (
				DD9196152969E6AD0027BDB9 /* WorkoutApp.app */,
				DD91962B2969E6B20027BDB9 /* WorkoutAppTests.xctest */,
				DD9196352969E6B20027BDB9 /* WorkoutAppUITests.xctest */,
			);
			name = Products;
			sourceTree = "<group>";
		};
		DD9196172969E6AD0027BDB9 /* WorkoutApp */ = {
			isa = PBXGroup;
			children = (
				DD9196182969E6AD0027BDB9 /* AppDelegate.swift */,
				DD91961A2969E6AD0027BDB9 /* SceneDelegate.swift */,
				DD91961C2969E6AD0027BDB9 /* ViewController.swift */,
				DD91961E2969E6AD0027BDB9 /* Main.storyboard */,
				DD9196212969E6B10027BDB9 /* Assets.xcassets */,
				DD9196232969E6B10027BDB9 /* LaunchScreen.storyboard */,
				DD9196262969E6B10027BDB9 /* Info.plist */,
			);
			path = WorkoutApp;
			sourceTree = "<group>";
		};
		DD91962E2969E6B20027BDB9 /* WorkoutAppTests */ = {
			isa = PBXGroup;
			children = (
				DD91962F2969E6B20027BDB9 /* WorkoutAppTests.swift */,
			);
			path = WorkoutAppTests;
			sourceTree = "<group>";
		};
		DD9196382969E6B20027BDB9 /* WorkoutAppUITests */ = {
			isa = PBXGroup;
			children = (
				DD9196392969E6B20027BDB9 /* WorkoutAppUITests.swift */,
				DD91963B2969E6B20027BDB9 /* WorkoutAppUITestsLaunchTests.swift */,
			);
			path = WorkoutAppUITests;
			sourceTree = "<group>";
		};
/* End PBXGroup section */

/* Begin PBXNativeTarget section */
		DD9196142969E6AD0027BDB9 /* WorkoutApp */ = {
			isa = PBXNativeTarget;
			buildConfigurationList = DD91963F2969E6B20027BDB9 /* Build configuration list for PBXNativeTarget "WorkoutApp" */;
			buildPhases = (
				DD9196112969E6AD0027BDB9 /* Sources */,
				DD9196122969E6AD0027BDB9 /* Frameworks */,
				DD9196132969E6AD0027BDB9 /* Resources */,
			);
			buildRules = (
			);
			dependencies = (
			);
			name = WorkoutApp;
			productName = WorkoutApp;
			productReference = DD9196152969E6AD0027BDB9 /* WorkoutApp.app */;
			productType = "com.apple.product-type.application";
		};
		DD91962A2969E6B20027BDB9 /* WorkoutAppTests */ = {
			isa = PBXNativeTarget;
			buildConfigurationList = DD9196422969E6B20027BDB9 /* Build configuration list for PBXNativeTarget "WorkoutAppTests" */;
			buildPhases = (
				DD9196272969E6B20027BDB9 /* Sources */,
				DD9196282969E6B20027BDB9 /* Frameworks */,
				DD9196292969E6B20027BDB9 /* Resources */,
			);
			buildRules = (
			);
			dependencies = (
				DD91962D2969E6B20027BDB9 /* PBXTargetDependency */,
			);
			name = WorkoutAppTests;
			productName = WorkoutAppTests;
			productReference = DD91962B2969E6B20027BDB9 /* WorkoutAppTests.xctest */;
			productType = "com.apple.product-type.bundle.unit-test";
		};
		DD9196342969E6B20027BDB9 /* WorkoutAppUITests */ = {
			isa = PBXNativeTarget;
			buildConfigurationList = DD9196452969E6B20027BDB9 /* Build configuration list for PBXNativeTarget "WorkoutAppUITests" */;
			buildPhases = (
				DD9196312969E6B20027BDB9 /* Sources */,
				DD9196322969E6B20027BDB9 /* Frameworks */,
				DD9196332969E6B20027BDB9 /* Resources */,
			);
			buildRules = (
			);
			dependencies = (
				DD9196372969E6B20027BDB9 /* PBXTargetDependency */,
			);
			name = WorkoutAppUITests;
			productName = WorkoutAppUITests;
			productReference = DD9196352969E6B20027BDB9 /* WorkoutAppUITests.xctest */;
			productType = "com.apple.product-type.bundle.ui-testing";
		};
/* End PBXNativeTarget section */

/* Begin PBXProject section */
		DD91960D2969E6AD0027BDB9 /* Project object */ = {
			isa = PBXProject;
			attributes = {
				BuildIndependentTargetsInParallel = 1;
				LastSwiftUpdateCheck = 1420;
				LastUpgradeCheck = 1420;
				TargetAttributes = {
					DD9196142969E6AD0027BDB9 = {
						CreatedOnToolsVersion = 14.2;
					};
					DD91962A2969E6B20027BDB9 = {
						CreatedOnToolsVersion = 14.2;
						TestTargetID = DD9196142969E6AD0027BDB9;
					};
					DD9196342969E6B20027BDB9 = {
						CreatedOnToolsVersion = 14.2;
						TestTargetID = DD9196142969E6AD0027BDB9;
					};
				};
			};
			buildConfigurationList = DD9196102969E6AD0027BDB9 /* Build configuration list for PBXProject "WorkoutApp" */;
			compatibilityVersion = "Xcode 14.0";
			developmentRegion = en;
			hasScannedForEncodings = 0;
			knownRegions = (
				en,
				Base,
			);
			mainGroup = DD91960C2969E6AD0027BDB9;
			productRefGroup = DD9196162969E6AD0027BDB9 /* Products */;
			projectDirPath = "";
			projectRoot = "";
			targets = (
				DD9196142969E6AD0027BDB9 /* WorkoutApp */,
				DD91962A2969E6B20027BDB9 /* WorkoutAppTests */,
				DD9196342969E6B20027BDB9 /* WorkoutAppUITests */,
			);
		};
/* End PBXProject section */

/* Begin PBXResourcesBuildPhase section */
		DD9196132969E6AD0027BDB9 /* Resources */ = {
			isa = PBXResourcesBuildPhase;
			buildActionMask = 2147483647;
			files = (
				DD9196252969E6B10027BDB9 /* LaunchScreen.storyboard in Resources */,
				DD9196222969E6B10027BDB9 /* Assets.xcassets in Resources */,
				DD9196202969E6AD0027BDB9 /* Main.storyboard in Resources */,
			);
			runOnlyForDeploymentPostprocessing = 0;
		};
		DD9196292969E6B20027BDB9 /* Resources */ = {
			isa = PBXResourcesBuildPhase;
			buildActionMask = 2147483647;
			files = (
			);
			runOnlyForDeploymentPostprocessing = 0;
		};
		DD9196332969E6B20027BDB9 /* Resources */ = {
			isa = PBXResourcesBuildPhase;
			buildActionMask = 2147483647;
			files = (
			);
			runOnlyForDeploymentPostprocessing = 0;
		};
/* End PBXResourcesBuildPhase section */

/* Begin PBXSourcesBuildPhase section */
		DD9196112969E6AD0027BDB9 /* Sources */ = {
			isa = PBXSourcesBuildPhase;
			buildActionMask = 2147483647;
			files = (
				DD91961D2969E6AD0027BDB9 /* ViewController.swift in Sources */,
				DD9196192969E6AD0027BDB9 /* AppDelegate.swift in Sources */,
				DD91961B2969E6AD0027BDB9 /* SceneDelegate.swift in Sources */,
			);
			runOnlyForDeploymentPostprocessing = 0;
		};
		DD9196272969E6B20027BDB9 /* Sources */ = {
			isa = PBXSourcesBuildPhase;
			buildActionMask = 2147483647;
			files = (
				DD9196302969E6B20027BDB9 /* WorkoutAppTests.swift in Sources */,
			);
			runOnlyForDeploymentPostprocessing = 0;
		};
		DD9196312969E6B20027BDB9 /* Sources */ = {
			isa = PBXSourcesBuildPhase;
			buildActionMask = 2147483647;
			files = (
				DD91963C2969E6B20027BDB9 /* WorkoutAppUITestsLaunchTests.swift in Sources */,
				DD91963A2969E6B20027BDB9 /* WorkoutAppUITests.swift in Sources */,
			);
			runOnlyForDeploymentPostprocessing = 0;
		};
/* End PBXSourcesBuildPhase section */

/* Begin PBXTargetDependency section */
		DD91962D2969E6B20027BDB9 /* PBXTargetDependency */ = {
			isa = PBXTargetDependency;
			target = DD9196142969E6AD0027BDB9 /* WorkoutApp */;
			targetProxy = DD91962C2969E6B20027BDB9 /* PBXContainerItemProxy */;
		};
		DD9196372969E6B20027BDB9 /* PBXTargetDependency */ = {
			isa = PBXTargetDependency;
			target = DD9196142969E6AD0027BDB9 /* WorkoutApp */;
			targetProxy = DD9196362969E6B20027BDB9 /* PBXContainerItemProxy */;
		};
/* End PBXTargetDependency section */

/* Begin PBXVariantGroup section */
		DD91961E2969E6AD0027BDB9 /* Main.storyboard */ = {
			isa = PBXVariantGroup;
			children = (
				DD91961F2969E6AD0027BDB9 /* Base */,
			);
			name = Main.storyboard;
			sourceTree = "<group>";
		};
		DD9196232969E6B10027BDB9 /* LaunchScreen.storyboard */ = {
			isa = PBXVariantGroup;
			children = (
				DD9196242969E6B10027BDB9 /* Base */,
			);
			name = LaunchScreen.storyboard;
			sourceTree = "<group>";
		};
/* End PBXVariantGroup section */

/* Begin XCBuildConfiguration section */
		DD91963D2969E6B20027BDB9 /* Debug */ = {
			isa = XCBuildConfiguration;
			buildSettings = {
				ALWAYS_SEARCH_USER_PATHS = NO;
				CLANG_ANALYZER_NONNULL = YES;
				CLANG_ANALYZER_NUMBER_OBJECT_CONVERSION = YES_AGGRESSIVE;
				CLANG_CXX_LANGUAGE_STANDARD = "gnu++20";
				CLANG_ENABLE_MODULES = YES;
				CLANG_ENABLE_OBJC_ARC = YES;
				CLANG_ENABLE_OBJC_WEAK = YES;
				CLANG_WARN_BLOCK_CAPTURE_AUTORELEASING = YES;
				CLANG_WARN_BOOL_CONVERSION = YES;
				CLANG_WARN_COMMA = YES;
				CLANG_WARN_CONSTANT_CONVERSION = YES;
				CLANG_WARN_DEPRECATED_OBJC_IMPLEMENTATIONS = YES;
				CLANG_WARN_DIRECT_OBJC_ISA_USAGE = YES_ERROR;
				CLANG_WARN_DOCUMENTATION_COMMENTS = YES;
				CLANG_WARN_EMPTY_BODY = YES;
				CLANG_WARN_ENUM_CONVERSION = YES;
				CLANG_WARN_INFINITE_RECURSION = YES;
				CLANG_WARN_INT_CONVERSION = YES;
				CLANG_WARN_NON_LITERAL_NULL_CONVERSION = YES;
				CLANG_WARN_OBJC_IMPLICIT_RETAIN_SELF = YES;
				CLANG_WARN_OBJC_LITERAL_CONVERSION = YES;
				CLANG_WARN_OBJC_ROOT_CLASS = YES_ERROR;
				CLANG_WARN_QUOTED_INCLUDE_IN_FRAMEWORK_HEADER = YES;
				CLANG_WARN_RANGE_LOOP_ANALYSIS = YES;
				CLANG_WARN_STRICT_PROTOTYPES = YES;
				CLANG_WARN_SUSPICIOUS_MOVE = YES;
				CLANG_WARN_UNGUARDED_AVAILABILITY = YES_AGGRESSIVE;
				CLANG_WARN_UNREACHABLE_CODE = YES;
				CLANG_WARN__DUPLICATE_METHOD_MATCH = YES;
				COPY_PHASE_STRIP = NO;
				DEBUG_INFORMATION_FORMAT = dwarf;
				ENABLE_STRICT_OBJC_MSGSEND = YES;
				ENABLE_TESTABILITY = YES;
				GCC_C_LANGUAGE_STANDARD = gnu11;
				GCC_DYNAMIC_NO_PIC = NO;
				GCC_NO_COMMON_BLOCKS = YES;
				GCC_OPTIMIZATION_LEVEL = 0;
				GCC_PREPROCESSOR_DEFINITIONS = (
					"DEBUG=1",
					"$(inherited)",
				);
				GCC_WARN_64_TO_32_BIT_CONVERSION = YES;
				GCC_WARN_ABOUT_RETURN_TYPE = YES_ERROR;
				GCC_WARN_UNDECLARED_SELECTOR = YES;
				GCC_WARN_UNINITIALIZED_AUTOS = YES_AGGRESSIVE;
				GCC_WARN_UNUSED_FUNCTION = YES;
				GCC_WARN_UNUSED_VARIABLE = YES;
				IPHONEOS_DEPLOYMENT_TARGET = 16.2;
				MTL_ENABLE_DEBUG_INFO = INCLUDE_SOURCE;
				MTL_FAST_MATH = YES;
				ONLY_ACTIVE_ARCH = YES;
				SDKROOT = iphoneos;
				SWIFT_ACTIVE_COMPILATION_CONDITIONS = DEBUG;
				SWIFT_OPTIMIZATION_LEVEL = "-Onone";
			};
			name = Debug;
		};
		DD91963E2969E6B20027BDB9 /* Release */ = {
			isa = XCBuildConfiguration;
			buildSettings = {
				ALWAYS_SEARCH_USER_PATHS = NO;
				CLANG_ANALYZER_NONNULL = YES;
				CLANG_ANALYZER_NUMBER_OBJECT_CONVERSION = YES_AGGRESSIVE;
				CLANG_CXX_LANGUAGE_STANDARD = "gnu++20";
				CLANG_ENABLE_MODULES = YES;
				CLANG_ENABLE_OBJC_ARC = YES;
				CLANG_ENABLE_OBJC_WEAK = YES;
				CLANG_WARN_BLOCK_CAPTURE_AUTORELEASING = YES;
				CLANG_WARN_BOOL_CONVERSION = YES;
				CLANG_WARN_COMMA = YES;
				CLANG_WARN_CONSTANT_CONVERSION = YES;
				CLANG_WARN_DEPRECATED_OBJC_IMPLEMENTATIONS = YES;
				CLANG_WARN_DIRECT_OBJC_ISA_USAGE = YES_ERROR;
				CLANG_WARN_DOCUMENTATION_COMMENTS = YES;
				CLANG_WARN_EMPTY_BODY = YES;
				CLANG_WARN_ENUM_CONVERSION = YES;
				CLANG_WARN_INFINITE_RECURSION = YES;
				CLANG_WARN_INT_CONVERSION = YES;
				CLANG_WARN_NON_LITERAL_NULL_CONVERSION = YES;
				CLANG_WARN_OBJC_IMPLICIT_RETAIN_SELF = YES;
				CLANG_WARN_OBJC_LITERAL_CONVERSION = YES;
				CLANG_WARN_OBJC_ROOT_CLASS = YES_ERROR;
				CLANG_WARN_QUOTED_INCLUDE_IN_FRAMEWORK_HEADER = YES;
				CLANG_WARN_RANGE_LOOP_ANALYSIS = YES;
				CLANG_WARN_STRICT_PROTOTYPES = YES;
				CLANG_WARN_SUSPICIOUS_MOVE = YES;
				CLANG_WARN_UNGUARDED_AVAILABILITY = YES_AGGRESSIVE;
				CLANG_WARN_UNREACHABLE_CODE = YES;
				CLANG_WARN__DUPLICATE_METHOD_MATCH = YES;
				COPY_PHASE_STRIP = NO;
				DEBUG_INFORMATION_FORMAT = "dwarf-with-dsym";
				ENABLE_NS_ASSERTIONS = NO;
				ENABLE_STRICT_OBJC_MSGSEND = YES;
				GCC_C_LANGUAGE_STANDARD = gnu11;
				GCC_NO_COMMON_BLOCKS = YES;
				GCC_WARN_64_TO_32_BIT_CONVERSION = YES;
				GCC_WARN_ABOUT_RETURN_TYPE = YES_ERROR;
				GCC_WARN_UNDECLARED_SELECTOR = YES;
				GCC_WARN_UNINITIALIZED_AUTOS = YES_AGGRESSIVE;
				GCC_WARN_UNUSED_FUNCTION = YES;
				GCC_WARN_UNUSED_VARIABLE = YES;
				IPHONEOS_DEPLOYMENT_TARGET = 16.2;
				MTL_ENABLE_DEBUG_INFO = NO;
				MTL_FAST_MATH = YES;
				SDKROOT = iphoneos;
				SWIFT_COMPILATION_MODE = wholemodule;
				SWIFT_OPTIMIZATION_LEVEL = "-O";
				VALIDATE_PRODUCT = YES;
			};
			name = Release;
		};
		DD9196402969E6B20027BDB9 /* Debug */ = {
			isa = XCBuildConfiguration;
			buildSettings = {
				ASSETCATALOG_COMPILER_APPICON_NAME = AppIcon;
				ASSETCATALOG_COMPILER_GLOBAL_ACCENT_COLOR_NAME = AccentColor;
				CODE_SIGN_STYLE = Automatic;
				CURRENT_PROJECT_VERSION = 1;
				GENERATE_INFOPLIST_FILE = YES;
				INFOPLIST_FILE = WorkoutApp/Info.plist;
				INFOPLIST_KEY_UIApplicationSupportsIndirectInputEvents = YES;
				INFOPLIST_KEY_UILaunchStoryboardName = LaunchScreen;
				INFOPLIST_KEY_UIMainStoryboardFile = Main;
				INFOPLIST_KEY_UISupportedInterfaceOrientations_iPad = "UIInterfaceOrientationPortrait UIInterfaceOrientationPortraitUpsideDown UIInterfaceOrientationLandscapeLeft UIInterfaceOrientationLandscapeRight";
				INFOPLIST_KEY_UISupportedInterfaceOrientations_iPhone = "UIInterfaceOrientationPortrait UIInterfaceOrientationLandscapeLeft UIInterfaceOrientationLandscapeRight";
				LD_RUNPATH_SEARCH_PATHS = (
					"$(inherited)",
					"@executable_path/Frameworks",
				);
				MARKETING_VERSION = 1.0;
				PRODUCT_BUNDLE_IDENTIFIER = Alexei.WorkoutApp;
				PRODUCT_NAME = "$(TARGET_NAME)";
				SWIFT_EMIT_LOC_STRINGS = YES;
				SWIFT_VERSION = 5.0;
				TARGETED_DEVICE_FAMILY = "1,2";
			};
			name = Debug;
		};
		DD9196412969E6B20027BDB9 /* Release */ = {
			isa = XCBuildConfiguration;
			buildSettings = {
				ASSETCATALOG_COMPILER_APPICON_NAME = AppIcon;
				ASSETCATALOG_COMPILER_GLOBAL_ACCENT_COLOR_NAME = AccentColor;
				CODE_SIGN_STYLE = Automatic;
				CURRENT_PROJECT_VERSION = 1;
				GENERATE_INFOPLIST_FILE = YES;
				INFOPLIST_FILE = WorkoutApp/Info.plist;
				INFOPLIST_KEY_UIApplicationSupportsIndirectInputEvents = YES;
				INFOPLIST_KEY_UILaunchStoryboardName = LaunchScreen;
				INFOPLIST_KEY_UIMainStoryboardFile = Main;
				INFOPLIST_KEY_UISupportedInterfaceOrientations_iPad = "UIInterfaceOrientationPortrait UIInterfaceOrientationPortraitUpsideDown UIInterfaceOrientationLandscapeLeft UIInterfaceOrientationLandscapeRight";
				INFOPLIST_KEY_UISupportedInterfaceOrientations_iPhone = "UIInterfaceOrientationPortrait UIInterfaceOrientationLandscapeLeft UIInterfaceOrientationLandscapeRight";
				LD_RUNPATH_SEARCH_PATHS = (
					"$(inherited)",
					"@executable_path/Frameworks",
				);
				MARKETING_VERSION = 1.0;
				PRODUCT_BUNDLE_IDENTIFIER = Alexei.WorkoutApp;
				PRODUCT_NAME = "$(TARGET_NAME)";
				SWIFT_EMIT_LOC_STRINGS = YES;
				SWIFT_VERSION = 5.0;
				TARGETED_DEVICE_FAMILY = "1,2";
			};
			name = Release;
		};
		DD9196432969E6B20027BDB9 /* Debug */ = {
			isa = XCBuildConfiguration;
			buildSettings = {
				ALWAYS_EMBED_SWIFT_STANDARD_LIBRARIES = YES;
				BUNDLE_LOADER = "$(TEST_HOST)";
				CODE_SIGN_STYLE = Automatic;
				CURRENT_PROJECT_VERSION = 1;
				GENERATE_INFOPLIST_FILE = YES;
				IPHONEOS_DEPLOYMENT_TARGET = 16.2;
				MARKETING_VERSION = 1.0;
				PRODUCT_BUNDLE_IDENTIFIER = Alexei.WorkoutAppTests;
				PRODUCT_NAME = "$(TARGET_NAME)";
				SWIFT_EMIT_LOC_STRINGS = NO;
				SWIFT_VERSION = 5.0;
				TARGETED_DEVICE_FAMILY = "1,2";
				TEST_HOST = "$(BUILT_PRODUCTS_DIR)/WorkoutApp.app/$(BUNDLE_EXECUTABLE_FOLDER_PATH)/WorkoutApp";
			};
			name = Debug;
		};
		DD9196442969E6B20027BDB9 /* Release */ = {
			isa = XCBuildConfiguration;
			buildSettings = {
				ALWAYS_EMBED_SWIFT_STANDARD_LIBRARIES = YES;
				BUNDLE_LOADER = "$(TEST_HOST)";
				CODE_SIGN_STYLE = Automatic;
				CURRENT_PROJECT_VERSION = 1;
				GENERATE_INFOPLIST_FILE = YES;
				IPHONEOS_DEPLOYMENT_TARGET = 16.2;
				MARKETING_VERSION = 1.0;
				PRODUCT_BUNDLE_IDENTIFIER = Alexei.WorkoutAppTests;
				PRODUCT_NAME = "$(TARGET_NAME)";
				SWIFT_EMIT_LOC_STRINGS = NO;
				SWIFT_VERSION = 5.0;
				TARGETED_DEVICE_FAMILY = "1,2";
				TEST_HOST = "$(BUILT_PRODUCTS_DIR)/WorkoutApp.app/$(BUNDLE_EXECUTABLE_FOLDER_PATH)/WorkoutApp";
			};
			name = Release;
		};
		DD9196462969E6B20027BDB9 /* Debug */ = {
			isa = XCBuildConfiguration;
			buildSettings = {
				ALWAYS_EMBED_SWIFT_STANDARD_LIBRARIES = YES;
				CODE_SIGN_STYLE = Automatic;
				CURRENT_PROJECT_VERSION = 1;
				GENERATE_INFOPLIST_FILE = YES;
				MARKETING_VERSION = 1.0;
				PRODUCT_BUNDLE_IDENTIFIER = Alexei.WorkoutAppUITests;
				PRODUCT_NAME = "$(TARGET_NAME)";
				SWIFT_EMIT_LOC_STRINGS = NO;
				SWIFT_VERSION = 5.0;
				TARGETED_DEVICE_FAMILY = "1,2";
				TEST_TARGET_NAME = WorkoutApp;
			};
			name = Debug;
		};
		DD9196472969E6B20027BDB9 /* Release */ = {
			isa = XCBuildConfiguration;
			buildSettings = {
				ALWAYS_EMBED_SWIFT_STANDARD_LIBRARIES = YES;
				CODE_SIGN_STYLE = Automatic;
				CURRENT_PROJECT_VERSION = 1;
				GENERATE_INFOPLIST_FILE = YES;
				MARKETING_VERSION = 1.0;
				PRODUCT_BUNDLE_IDENTIFIER = Alexei.WorkoutAppUITests;
				PRODUCT_NAME = "$(TARGET_NAME)";
				SWIFT_EMIT_LOC_STRINGS = NO;
				SWIFT_VERSION = 5.0;
				TARGETED_DEVICE_FAMILY = "1,2";
				TEST_TARGET_NAME = WorkoutApp;
			};
			name = Release;
		};
/* End XCBuildConfiguration section */

/* Begin XCConfigurationList section */
		DD9196102969E6AD0027BDB9 /* Build configuration list for PBXProject "WorkoutApp" */ = {
			isa = XCConfigurationList;
			buildConfigurations = (
				DD91963D2969E6B20027BDB9 /* Debug */,
				DD91963E2969E6B20027BDB9 /* Release */,
			);
			defaultConfigurationIsVisible = 0;
			defaultConfigurationName = Release;
		};
		DD91963F2969E6B20027BDB9 /* Build configuration list for PBXNativeTarget "WorkoutApp" */ = {
			isa = XCConfigurationList;
			buildConfigurations = (
				DD9196402969E6B20027BDB9 /* Debug */,
				DD9196412969E6B20027BDB9 /* Release */,
			);
			defaultConfigurationIsVisible = 0;
			defaultConfigurationName = Release;
		};
		DD9196422969E6B20027BDB9 /* Build configuration list for PBXNativeTarget "WorkoutAppTests" */ = {
			isa = XCConfigurationList;
			buildConfigurations = (
				DD9196432969E6B20027BDB9 /* Debug */,
				DD9196442969E6B20027BDB9 /* Release */,
			);
			defaultConfigurationIsVisible = 0;
			defaultConfigurationName = Release;
		};
		DD9196452969E6B20027BDB9 /* Build configuration list for PBXNativeTarget "WorkoutAppUITests" */ = {
			isa = XCConfigurationList;
			buildConfigurations = (
				DD9196462969E6B20027BDB9 /* Debug */,
				DD9196472969E6B20027BDB9 /* Release */,
			);
			defaultConfigurationIsVisible = 0;
			defaultConfigurationName = Release;
		};
/* End XCConfigurationList section */
	};
	rootObject = DD91960D2969E6AD0027BDB9 /* Project object */;
}
